
Microsoft Visual Studio Solution File, Format Version 12.00
# Visual Studio Version 17
VisualStudioVersion = 17.14.36414.22 d17.14
MinimumVisualStudioVersion = 10.0.40219.1
Project("{FAE04EC0-301F-11D3-BF4B-00C04F79EFBC}") = "RagAgents.Api", "RagAgents.Api\RagAgents.Api.csproj", "{8340B2B0-5A20-46DD-8177-459F59780FC6}"
EndProject
Project("{FAE04EC0-301F-11D3-BF4B-00C04F79EFBC}") = "RagAgents.Core", "RagAgents.Core\RagAgents.Core.csproj", "{E8311582-FCF7-453E-9C99-9A9FBBF1B97E}"
EndProject
Project("{FAE04EC0-301F-11D3-BF4B-00C04F79EFBC}") = "RagAgents.Functions", "RagAgents.Functions\RagAgents.Functions.csproj", "{1ED1EE6B-3646-4785-B62A-4810E6AD38DF}"
EndProject
Global
	GlobalSection(SolutionConfigurationPlatforms) = preSolution
		Debug|Any CPU = Debug|Any CPU
		Release|Any CPU = Release|Any CPU
	EndGlobalSection
	GlobalSection(ProjectConfigurationPlatforms) = postSolution
		{8340B2B0-5A20-46DD-8177-459F59780FC6}.Debug|Any CPU.ActiveCfg = Debug|Any CPU
		{8340B2B0-5A20-46DD-8177-459F59780FC6}.Debug|Any CPU.Build.0 = Debug|Any CPU
		{8340B2B0-5A20-46DD-8177-459F59780FC6}.Release|Any CPU.ActiveCfg = Release|Any CPU
		{8340B2B0-5A20-46DD-8177-459F59780FC6}.Release|Any CPU.Build.0 = Release|Any CPU
		{E8311582-FCF7-453E-9C99-9A9FBBF1B97E}.Debug|Any CPU.ActiveCfg = Debug|Any CPU
		{E8311582-FCF7-453E-9C99-9A9FBBF1B97E}.Debug|Any CPU.Build.0 = Debug|Any CPU
		{E8311582-FCF7-453E-9C99-9A9FBBF1B97E}.Release|Any CPU.ActiveCfg = Release|Any CPU
		{E8311582-FCF7-453E-9C99-9A9FBBF1B97E}.Release|Any CPU.Build.0 = Release|Any CPU
		{1ED1EE6B-3646-4785-B62A-4810E6AD38DF}.Debug|Any CPU.ActiveCfg = Debug|Any CPU
		{1ED1EE6B-3646-4785-B62A-4810E6AD38DF}.Debug|Any CPU.Build.0 = Debug|Any CPU
		{1ED1EE6B-3646-4785-B62A-4810E6AD38DF}.Release|Any CPU.ActiveCfg = Release|Any CPU
		{1ED1EE6B-3646-4785-B62A-4810E6AD38DF}.Release|Any CPU.Build.0 = Release|Any CPU
	EndGlobalSection
	GlobalSection(SolutionProperties) = preSolution
		HideSolutionNode = FALSE
	EndGlobalSection
	GlobalSection(ExtensibilityGlobals) = postSolution
		SolutionGuid = {D0E7E9F0-7C34-46AF-9137-1A7D02D39D8C}
	EndGlobalSection
EndGlobal
